FORGE
  remote: http://forge.puppetlabs.com
  specs:
    puppetlabs/apt (1.2.0)
      puppetlabs/stdlib (>= 2.2.1)
    puppetlabs/stdlib (4.1.0)

GIT
  remote: git://github.com/narkisr/puppet-mkfs.git
  ref: master
  sha: a7d28ae17ea64c4f2c510735fafc7db886dbd9e5
  specs:
    mkfs (0.1.0)

DEPENDENCIES
  mkfs (>= 0)
  puppetlabs/apt (>= 0)
  puppetlabs/stdlib (>= 0)

